
Microsoft Visual Studio Solution File, Format Version 12.00
# Visual Studio Version 16
VisualStudioVersion = 16.0.30011.22
MinimumVisualStudioVersion = 10.0.40219.1
Project("{FAE04EC0-301F-11D3-BF4B-00C04F79EFBC}") = "TestDrivenAPI", "TestDrivenAPI.csproj", "{5A216C61-A858-4622-A44D-2AF74AF5CFA2}"
EndProject
Project("{FAE04EC0-301F-11D3-BF4B-00C04F79EFBC}") = "TestWebApi", "..\TestWebApi\TestWebApi.csproj", "{0D0AED21-F34D-4AE0-922E-C114957E99BE}"
EndProject
Global
	GlobalSection(SolutionConfigurationPlatforms) = preSolution
		Debug|Any CPU = Debug|Any CPU
		Release|Any CPU = Release|Any CPU
	EndGlobalSection
	GlobalSection(ProjectConfigurationPlatforms) = postSolution
		{5A216C61-A858-4622-A44D-2AF74AF5CFA2}.Debug|Any CPU.ActiveCfg = Debug|Any CPU
		{5A216C61-A858-4622-A44D-2AF74AF5CFA2}.Debug|Any CPU.Build.0 = Debug|Any CPU
		{5A216C61-A858-4622-A44D-2AF74AF5CFA2}.Release|Any CPU.ActiveCfg = Release|Any CPU
		{5A216C61-A858-4622-A44D-2AF74AF5CFA2}.Release|Any CPU.Build.0 = Release|Any CPU
		{0D0AED21-F34D-4AE0-922E-C114957E99BE}.Debug|Any CPU.ActiveCfg = Debug|Any CPU
		{0D0AED21-F34D-4AE0-922E-C114957E99BE}.Debug|Any CPU.Build.0 = Debug|Any CPU
		{0D0AED21-F34D-4AE0-922E-C114957E99BE}.Release|Any CPU.ActiveCfg = Release|Any CPU
		{0D0AED21-F34D-4AE0-922E-C114957E99BE}.Release|Any CPU.Build.0 = Release|Any CPU
	EndGlobalSection
	GlobalSection(SolutionProperties) = preSolution
		HideSolutionNode = FALSE
	EndGlobalSection
	GlobalSection(ExtensibilityGlobals) = postSolution
		SolutionGuid = {8749588A-A02F-45AC-A51C-91A600CF45FC}
	EndGlobalSection
EndGlobal
